# This file was autogenerated by Stack.
# You should not edit this file by hand.
# For more information, please see the documentation at:
#   https://docs.haskellstack.org/en/stable/lock_files

packages:
- completed:
    commit: 970ccc78870d0c5edeaf1bf8995280a183e86376
    git: https://github.com/HeinrichApfelmus/threepenny-gui
    name: threepenny-gui
    pantry-tree:
      sha256: 95f6e56b87f3540d5639a861b0d419546edc1a8a3d5245361d7d556efc1b4396
      size: 8306
    version: 0.9.4.0
  original:
    commit: 970ccc78870d0c5edeaf1bf8995280a183e86376
    git: https://github.com/HeinrichApfelmus/threepenny-gui
snapshots:
- completed:
    sha256: 3770dfd79f5aed67acdcc65c4e7730adddffe6dba79ea723cfb0918356fc0f94
    size: 648660
    url: https://raw.githubusercontent.com/commercialhaskell/stackage-snapshots/master/lts/20/4.yaml
  original:
    url: https://raw.githubusercontent.com/commercialhaskell/stackage-snapshots/master/lts/20/4.yaml
